
Microsoft Visual Studio Solution File, Format Version 12.00
# Visual Studio 15
VisualStudioVersion = 15.0.28307.271
MinimumVisualStudioVersion = 10.0.40219.1
Project("{8BC9CEB8-8B4A-11D0-8D11-00A0C91BC942}") = "DESM", "DESM\DESM.vcxproj", "{FC9A9F1B-7C0C-427B-B2E5-313421DFA37B}"
EndProject
Global
	GlobalSection(SolutionConfigurationPlatforms) = preSolution
		Debug|x64 = Debug|x64
		Debug|x86 = Debug|x86
		Release|x64 = Release|x64
		Release|x86 = Release|x86
	EndGlobalSection
	GlobalSection(ProjectConfigurationPlatforms) = postSolution
		{FC9A9F1B-7C0C-427B-B2E5-313421DFA37B}.Debug|x64.ActiveCfg = Debug|x64
		{FC9A9F1B-7C0C-427B-B2E5-313421DFA37B}.Debug|x64.Build.0 = Debug|x64
		{FC9A9F1B-7C0C-427B-B2E5-313421DFA37B}.Debug|x86.ActiveCfg = Debug|Win32
		{FC9A9F1B-7C0C-427B-B2E5-313421DFA37B}.Debug|x86.Build.0 = Debug|Win32
		{FC9A9F1B-7C0C-427B-B2E5-313421DFA37B}.Release|x64.ActiveCfg = Release|x64
		{FC9A9F1B-7C0C-427B-B2E5-313421DFA37B}.Release|x64.Build.0 = Release|x64
		{FC9A9F1B-7C0C-427B-B2E5-313421DFA37B}.Release|x86.ActiveCfg = Release|Win32
		{FC9A9F1B-7C0C-427B-B2E5-313421DFA37B}.Release|x86.Build.0 = Release|Win32
	EndGlobalSection
	GlobalSection(SolutionProperties) = preSolution
		HideSolutionNode = FALSE
	EndGlobalSection
	GlobalSection(ExtensibilityGlobals) = postSolution
		SolutionGuid = {9EC77E0A-B342-4F3C-BF16-F0B872E6F35C}
	EndGlobalSection
EndGlobal
